
Microsoft Visual Studio Solution File, Format Version 12.00
# Visual Studio Version 17
VisualStudioVersion = 17.5.33516.290
MinimumVisualStudioVersion = 10.0.40219.1
Project("{9A19103F-16F7-4668-BE54-9A1E7A4F7556}") = "MQTTNetPub", "MQTTPub\MQTTNetPub.csproj", "{B69EBE6C-1572-48CD-A49E-1C8E60DBA558}"
EndProject
Project("{9A19103F-16F7-4668-BE54-9A1E7A4F7556}") = "MQTTNetSub", "MQTTSub\MQTTNetSub.csproj", "{D4B1CB65-0A80-4252-95D9-C96A56A9B331}"
EndProject
Project("{9A19103F-16F7-4668-BE54-9A1E7A4F7556}") = "M2MQTTSub", "M2Test\M2MQTTSub.csproj", "{4246B7B9-68C4-4665-B420-F2A657DAFA7A}"
EndProject
Project("{9A19103F-16F7-4668-BE54-9A1E7A4F7556}") = "M2MQTTPub", "M2Pub\M2MQTTPub.csproj", "{6E0EB206-4F67-429D-BB02-466253C44F0F}"
EndProject
Project("{FAE04EC0-301F-11D3-BF4B-00C04F79EFBC}") = "MQTTNet4Sub", "MQTTNet4Sub\MQTTNet4Sub.csproj", "{70358873-2274-4B2C-A51D-020C22083540}"
EndProject
Project("{FAE04EC0-301F-11D3-BF4B-00C04F79EFBC}") = "DummyApp", "DummyApp\DummyApp.csproj", "{C82009FC-AA51-4DBC-ADEC-C0E4CF014040}"
EndProject
Project("{FAE04EC0-301F-11D3-BF4B-00C04F79EFBC}") = "BinaryRunner", "BinaryRunner\BinaryRunner.csproj", "{143ABC10-4DAA-4247-9DF8-8D199603CAE5}"
EndProject
Project("{FAE04EC0-301F-11D3-BF4B-00C04F79EFBC}") = "WebApp", "WebApp\WebApp.csproj", "{5D2A6DDF-DDBF-40D0-9B4B-922AC6CDFB57}"
EndProject
Project("{FAE04EC0-301F-11D3-BF4B-00C04F79EFBC}") = "WebApp.Models", "WebApp.Models\WebApp.Models.csproj", "{2244D092-4E07-4005-949E-4E7B6A8EEAE6}"
EndProject
Project("{FAE04EC0-301F-11D3-BF4B-00C04F79EFBC}") = "WebApp.Services", "WebApp.Services\WebApp.Services.csproj", "{26A74D02-38A0-4EBC-BFA1-CFB171AB0185}"
EndProject
Global
	GlobalSection(SolutionConfigurationPlatforms) = preSolution
		Debug|Any CPU = Debug|Any CPU
		Release|Any CPU = Release|Any CPU
	EndGlobalSection
	GlobalSection(ProjectConfigurationPlatforms) = postSolution
		{B69EBE6C-1572-48CD-A49E-1C8E60DBA558}.Debug|Any CPU.ActiveCfg = Debug|Any CPU
		{B69EBE6C-1572-48CD-A49E-1C8E60DBA558}.Debug|Any CPU.Build.0 = Debug|Any CPU
		{B69EBE6C-1572-48CD-A49E-1C8E60DBA558}.Release|Any CPU.ActiveCfg = Release|Any CPU
		{B69EBE6C-1572-48CD-A49E-1C8E60DBA558}.Release|Any CPU.Build.0 = Release|Any CPU
		{D4B1CB65-0A80-4252-95D9-C96A56A9B331}.Debug|Any CPU.ActiveCfg = Debug|Any CPU
		{D4B1CB65-0A80-4252-95D9-C96A56A9B331}.Debug|Any CPU.Build.0 = Debug|Any CPU
		{D4B1CB65-0A80-4252-95D9-C96A56A9B331}.Release|Any CPU.ActiveCfg = Release|Any CPU
		{D4B1CB65-0A80-4252-95D9-C96A56A9B331}.Release|Any CPU.Build.0 = Release|Any CPU
		{4246B7B9-68C4-4665-B420-F2A657DAFA7A}.Debug|Any CPU.ActiveCfg = Debug|Any CPU
		{4246B7B9-68C4-4665-B420-F2A657DAFA7A}.Debug|Any CPU.Build.0 = Debug|Any CPU
		{4246B7B9-68C4-4665-B420-F2A657DAFA7A}.Release|Any CPU.ActiveCfg = Release|Any CPU
		{4246B7B9-68C4-4665-B420-F2A657DAFA7A}.Release|Any CPU.Build.0 = Release|Any CPU
		{6E0EB206-4F67-429D-BB02-466253C44F0F}.Debug|Any CPU.ActiveCfg = Debug|Any CPU
		{6E0EB206-4F67-429D-BB02-466253C44F0F}.Debug|Any CPU.Build.0 = Debug|Any CPU
		{6E0EB206-4F67-429D-BB02-466253C44F0F}.Release|Any CPU.ActiveCfg = Release|Any CPU
		{6E0EB206-4F67-429D-BB02-466253C44F0F}.Release|Any CPU.Build.0 = Release|Any CPU
		{70358873-2274-4B2C-A51D-020C22083540}.Debug|Any CPU.ActiveCfg = Debug|Any CPU
		{70358873-2274-4B2C-A51D-020C22083540}.Debug|Any CPU.Build.0 = Debug|Any CPU
		{70358873-2274-4B2C-A51D-020C22083540}.Release|Any CPU.ActiveCfg = Release|Any CPU
		{70358873-2274-4B2C-A51D-020C22083540}.Release|Any CPU.Build.0 = Release|Any CPU
		{C82009FC-AA51-4DBC-ADEC-C0E4CF014040}.Debug|Any CPU.ActiveCfg = Debug|Any CPU
		{C82009FC-AA51-4DBC-ADEC-C0E4CF014040}.Debug|Any CPU.Build.0 = Debug|Any CPU
		{C82009FC-AA51-4DBC-ADEC-C0E4CF014040}.Release|Any CPU.ActiveCfg = Release|Any CPU
		{C82009FC-AA51-4DBC-ADEC-C0E4CF014040}.Release|Any CPU.Build.0 = Release|Any CPU
		{143ABC10-4DAA-4247-9DF8-8D199603CAE5}.Debug|Any CPU.ActiveCfg = Debug|Any CPU
		{143ABC10-4DAA-4247-9DF8-8D199603CAE5}.Debug|Any CPU.Build.0 = Debug|Any CPU
		{143ABC10-4DAA-4247-9DF8-8D199603CAE5}.Release|Any CPU.ActiveCfg = Release|Any CPU
		{143ABC10-4DAA-4247-9DF8-8D199603CAE5}.Release|Any CPU.Build.0 = Release|Any CPU
		{5D2A6DDF-DDBF-40D0-9B4B-922AC6CDFB57}.Debug|Any CPU.ActiveCfg = Debug|Any CPU
		{5D2A6DDF-DDBF-40D0-9B4B-922AC6CDFB57}.Debug|Any CPU.Build.0 = Debug|Any CPU
		{5D2A6DDF-DDBF-40D0-9B4B-922AC6CDFB57}.Release|Any CPU.ActiveCfg = Release|Any CPU
		{5D2A6DDF-DDBF-40D0-9B4B-922AC6CDFB57}.Release|Any CPU.Build.0 = Release|Any CPU
		{2244D092-4E07-4005-949E-4E7B6A8EEAE6}.Debug|Any CPU.ActiveCfg = Debug|Any CPU
		{2244D092-4E07-4005-949E-4E7B6A8EEAE6}.Debug|Any CPU.Build.0 = Debug|Any CPU
		{2244D092-4E07-4005-949E-4E7B6A8EEAE6}.Release|Any CPU.ActiveCfg = Release|Any CPU
		{2244D092-4E07-4005-949E-4E7B6A8EEAE6}.Release|Any CPU.Build.0 = Release|Any CPU
		{26A74D02-38A0-4EBC-BFA1-CFB171AB0185}.Debug|Any CPU.ActiveCfg = Debug|Any CPU
		{26A74D02-38A0-4EBC-BFA1-CFB171AB0185}.Debug|Any CPU.Build.0 = Debug|Any CPU
		{26A74D02-38A0-4EBC-BFA1-CFB171AB0185}.Release|Any CPU.ActiveCfg = Release|Any CPU
		{26A74D02-38A0-4EBC-BFA1-CFB171AB0185}.Release|Any CPU.Build.0 = Release|Any CPU
	EndGlobalSection
	GlobalSection(SolutionProperties) = preSolution
		HideSolutionNode = FALSE
	EndGlobalSection
	GlobalSection(ExtensibilityGlobals) = postSolution
		SolutionGuid = {8C19E940-B7DA-47FF-9F88-FC71DB4B1D6D}
	EndGlobalSection
EndGlobal
