
Microsoft Visual Studio Solution File, Format Version 12.00
# Visual Studio Version 17
VisualStudioVersion = 17.5.33627.172
MinimumVisualStudioVersion = 10.0.40219.1
Project("{FAE04EC0-301F-11D3-BF4B-00C04F79EFBC}") = "ConsoleApp", "ConsoleApp\ConsoleApp.csproj", "{837CEC02-6D6F-4BBD-AA64-0487AAC97CCB}"
EndProject
Project("{FAE04EC0-301F-11D3-BF4B-00C04F79EFBC}") = "MyLibrary", "MyLibrary\MyLibrary.csproj", "{C5CFDB34-FAD1-4714-A53F-30E5E8427B2B}"
EndProject
Global
	GlobalSection(SolutionConfigurationPlatforms) = preSolution
		Debug|Any CPU = Debug|Any CPU
		Release|Any CPU = Release|Any CPU
	EndGlobalSection
	GlobalSection(ProjectConfigurationPlatforms) = postSolution
		{837CEC02-6D6F-4BBD-AA64-0487AAC97CCB}.Debug|Any CPU.ActiveCfg = Debug|Any CPU
		{837CEC02-6D6F-4BBD-AA64-0487AAC97CCB}.Debug|Any CPU.Build.0 = Debug|Any CPU
		{837CEC02-6D6F-4BBD-AA64-0487AAC97CCB}.Release|Any CPU.ActiveCfg = Release|Any CPU
		{837CEC02-6D6F-4BBD-AA64-0487AAC97CCB}.Release|Any CPU.Build.0 = Release|Any CPU
		{C5CFDB34-FAD1-4714-A53F-30E5E8427B2B}.Debug|Any CPU.ActiveCfg = Debug|Any CPU
		{C5CFDB34-FAD1-4714-A53F-30E5E8427B2B}.Debug|Any CPU.Build.0 = Debug|Any CPU
		{C5CFDB34-FAD1-4714-A53F-30E5E8427B2B}.Release|Any CPU.ActiveCfg = Release|Any CPU
		{C5CFDB34-FAD1-4714-A53F-30E5E8427B2B}.Release|Any CPU.Build.0 = Release|Any CPU
	EndGlobalSection
	GlobalSection(SolutionProperties) = preSolution
		HideSolutionNode = FALSE
	EndGlobalSection
	GlobalSection(ExtensibilityGlobals) = postSolution
		SolutionGuid = {A9E80CDF-D307-4960-94B0-73EA55CF4D08}
	EndGlobalSection
EndGlobal
