
Microsoft Visual Studio Solution File, Format Version 12.00
# Visual Studio Version 16
VisualStudioVersion = 25.0.1705.3
MinimumVisualStudioVersion = 10.0.40219.1
Project("{FAE04EC0-301F-11D3-BF4B-00C04F79EFBC}") = "Publisher", "Base\Publisher.csproj", "{3B3FECBA-466B-45E5-8663-6BE726089215}"
EndProject
Project("{FAE04EC0-301F-11D3-BF4B-00C04F79EFBC}") = "Subscriber", "Subscriber\Subscriber.csproj", "{72665899-2718-4066-9A18-9A73D3DFBCD9}"
EndProject
Global
	GlobalSection(SolutionConfigurationPlatforms) = preSolution
		Debug|Any CPU = Debug|Any CPU
		Release|Any CPU = Release|Any CPU
	EndGlobalSection
	GlobalSection(ProjectConfigurationPlatforms) = postSolution
		{3B3FECBA-466B-45E5-8663-6BE726089215}.Debug|Any CPU.ActiveCfg = Debug|Any CPU
		{3B3FECBA-466B-45E5-8663-6BE726089215}.Debug|Any CPU.Build.0 = Debug|Any CPU
		{3B3FECBA-466B-45E5-8663-6BE726089215}.Release|Any CPU.ActiveCfg = Release|Any CPU
		{3B3FECBA-466B-45E5-8663-6BE726089215}.Release|Any CPU.Build.0 = Release|Any CPU
		{72665899-2718-4066-9A18-9A73D3DFBCD9}.Debug|Any CPU.ActiveCfg = Debug|Any CPU
		{72665899-2718-4066-9A18-9A73D3DFBCD9}.Debug|Any CPU.Build.0 = Debug|Any CPU
		{72665899-2718-4066-9A18-9A73D3DFBCD9}.Release|Any CPU.ActiveCfg = Release|Any CPU
		{72665899-2718-4066-9A18-9A73D3DFBCD9}.Release|Any CPU.Build.0 = Release|Any CPU
	EndGlobalSection
	GlobalSection(SolutionProperties) = preSolution
		HideSolutionNode = FALSE
	EndGlobalSection
	GlobalSection(ExtensibilityGlobals) = postSolution
		SolutionGuid = {D1247103-1DC9-4617-89E9-EFE3A88316B5}
	EndGlobalSection
EndGlobal
