
Microsoft Visual Studio Solution File, Format Version 12.00
# Visual Studio Version 17
VisualStudioVersion = 17.5.33530.505
MinimumVisualStudioVersion = 10.0.40219.1
Project("{FAE04EC0-301F-11D3-BF4B-00C04F79EFBC}") = "WebAppMVC", "WebAppMVC\WebAppMVC.csproj", "{FEE30A4F-69B9-4FEC-9739-CD80937E9997}"
EndProject
Project("{9A19103F-16F7-4668-BE54-9A1E7A4F7556}") = "WebAppRazorPages", "WebAppRazorPages\WebAppRazorPages.csproj", "{32738C79-A8A8-4E46-AA6F-2219769457DC}"
EndProject
Global
	GlobalSection(SolutionConfigurationPlatforms) = preSolution
		Debug|Any CPU = Debug|Any CPU
		Release|Any CPU = Release|Any CPU
	EndGlobalSection
	GlobalSection(ProjectConfigurationPlatforms) = postSolution
		{FEE30A4F-69B9-4FEC-9739-CD80937E9997}.Debug|Any CPU.ActiveCfg = Debug|Any CPU
		{FEE30A4F-69B9-4FEC-9739-CD80937E9997}.Debug|Any CPU.Build.0 = Debug|Any CPU
		{FEE30A4F-69B9-4FEC-9739-CD80937E9997}.Release|Any CPU.ActiveCfg = Release|Any CPU
		{FEE30A4F-69B9-4FEC-9739-CD80937E9997}.Release|Any CPU.Build.0 = Release|Any CPU
		{32738C79-A8A8-4E46-AA6F-2219769457DC}.Debug|Any CPU.ActiveCfg = Debug|Any CPU
		{32738C79-A8A8-4E46-AA6F-2219769457DC}.Debug|Any CPU.Build.0 = Debug|Any CPU
		{32738C79-A8A8-4E46-AA6F-2219769457DC}.Release|Any CPU.ActiveCfg = Release|Any CPU
		{32738C79-A8A8-4E46-AA6F-2219769457DC}.Release|Any CPU.Build.0 = Release|Any CPU
	EndGlobalSection
	GlobalSection(SolutionProperties) = preSolution
		HideSolutionNode = FALSE
	EndGlobalSection
	GlobalSection(ExtensibilityGlobals) = postSolution
		SolutionGuid = {7D269E52-DC6F-48F3-B2C4-ECE712D11FA1}
	EndGlobalSection
EndGlobal
