
Microsoft Visual Studio Solution File, Format Version 12.00
Project("{FAE04EC0-301F-11D3-BF4B-00C04F79EFBC}") = "GoogleSheetsTelegramBot", "GoogleSheetsTelegramBot\GoogleSheetsTelegramBot.csproj", "{B4658D98-0E9A-4B38-A9D6-089419E2FAF9}"
EndProject
Global
	GlobalSection(SolutionConfigurationPlatforms) = preSolution
		Debug|Any CPU = Debug|Any CPU
		Release|Any CPU = Release|Any CPU
	EndGlobalSection
	GlobalSection(ProjectConfigurationPlatforms) = postSolution
		{B4658D98-0E9A-4B38-A9D6-089419E2FAF9}.Debug|Any CPU.ActiveCfg = Debug|Any CPU
		{B4658D98-0E9A-4B38-A9D6-089419E2FAF9}.Debug|Any CPU.Build.0 = Debug|Any CPU
		{B4658D98-0E9A-4B38-A9D6-089419E2FAF9}.Release|Any CPU.ActiveCfg = Release|Any CPU
		{B4658D98-0E9A-4B38-A9D6-089419E2FAF9}.Release|Any CPU.Build.0 = Release|Any CPU
	EndGlobalSection
EndGlobal
