
Microsoft Visual Studio Solution File, Format Version 12.00
Project("{FAE04EC0-301F-11D3-BF4B-00C04F79EFBC}") = "BulkyBookWeb", "BulkyBookWeb\BulkyBookWeb.csproj", "{7C9CB24D-C0E1-4868-B316-FF84B6CB14F5}"
EndProject
Global
	GlobalSection(SolutionConfigurationPlatforms) = preSolution
		Debug|Any CPU = Debug|Any CPU
		Release|Any CPU = Release|Any CPU
	EndGlobalSection
	GlobalSection(ProjectConfigurationPlatforms) = postSolution
		{7C9CB24D-C0E1-4868-B316-FF84B6CB14F5}.Debug|Any CPU.ActiveCfg = Debug|Any CPU
		{7C9CB24D-C0E1-4868-B316-FF84B6CB14F5}.Debug|Any CPU.Build.0 = Debug|Any CPU
		{7C9CB24D-C0E1-4868-B316-FF84B6CB14F5}.Release|Any CPU.ActiveCfg = Release|Any CPU
		{7C9CB24D-C0E1-4868-B316-FF84B6CB14F5}.Release|Any CPU.Build.0 = Release|Any CPU
	EndGlobalSection
EndGlobal
