
Microsoft Visual Studio Solution File, Format Version 12.00
# Visual Studio Version 17
VisualStudioVersion = 17.5.33502.453
MinimumVisualStudioVersion = 10.0.40219.1
Project("{FAE04EC0-301F-11D3-BF4B-00C04F79EFBC}") = "Basics", "Basics\Basics.csproj", "{61E68B0F-E30B-45F4-A35B-6468B4F29169}"
EndProject
Global
	GlobalSection(SolutionConfigurationPlatforms) = preSolution
		Debug|Any CPU = Debug|Any CPU
		Release|Any CPU = Release|Any CPU
	EndGlobalSection
	GlobalSection(ProjectConfigurationPlatforms) = postSolution
		{61E68B0F-E30B-45F4-A35B-6468B4F29169}.Debug|Any CPU.ActiveCfg = Debug|Any CPU
		{61E68B0F-E30B-45F4-A35B-6468B4F29169}.Debug|Any CPU.Build.0 = Debug|Any CPU
		{61E68B0F-E30B-45F4-A35B-6468B4F29169}.Release|Any CPU.ActiveCfg = Release|Any CPU
		{61E68B0F-E30B-45F4-A35B-6468B4F29169}.Release|Any CPU.Build.0 = Release|Any CPU
	EndGlobalSection
	GlobalSection(SolutionProperties) = preSolution
		HideSolutionNode = FALSE
	EndGlobalSection
	GlobalSection(ExtensibilityGlobals) = postSolution
		SolutionGuid = {2B817072-8F24-46A3-BF56-5012A31A1E7D}
	EndGlobalSection
EndGlobal
