
Microsoft Visual Studio Solution File, Format Version 12.00
# Visual Studio Version 17
VisualStudioVersion = 17.5.33502.453
MinimumVisualStudioVersion = 10.0.40219.1
Project("{FAE04EC0-301F-11D3-BF4B-00C04F79EFBC}") = "ConsoleTests", "ConsoleTests\ConsoleTests.csproj", "{6722309B-0211-43F6-8C4A-19EBECE01564}"
EndProject
Project("{FAE04EC0-301F-11D3-BF4B-00C04F79EFBC}") = "WPFApplication", "WPFApplication\WPFApplication.csproj", "{6492BFC2-9405-4EFF-BA69-2F365DC2D373}"
EndProject
Global
	GlobalSection(SolutionConfigurationPlatforms) = preSolution
		Debug|Any CPU = Debug|Any CPU
		Release|Any CPU = Release|Any CPU
	EndGlobalSection
	GlobalSection(ProjectConfigurationPlatforms) = postSolution
		{6722309B-0211-43F6-8C4A-19EBECE01564}.Debug|Any CPU.ActiveCfg = Debug|Any CPU
		{6722309B-0211-43F6-8C4A-19EBECE01564}.Debug|Any CPU.Build.0 = Debug|Any CPU
		{6722309B-0211-43F6-8C4A-19EBECE01564}.Release|Any CPU.ActiveCfg = Release|Any CPU
		{6722309B-0211-43F6-8C4A-19EBECE01564}.Release|Any CPU.Build.0 = Release|Any CPU
		{6492BFC2-9405-4EFF-BA69-2F365DC2D373}.Debug|Any CPU.ActiveCfg = Debug|Any CPU
		{6492BFC2-9405-4EFF-BA69-2F365DC2D373}.Debug|Any CPU.Build.0 = Debug|Any CPU
		{6492BFC2-9405-4EFF-BA69-2F365DC2D373}.Release|Any CPU.ActiveCfg = Release|Any CPU
		{6492BFC2-9405-4EFF-BA69-2F365DC2D373}.Release|Any CPU.Build.0 = Release|Any CPU
	EndGlobalSection
	GlobalSection(SolutionProperties) = preSolution
		HideSolutionNode = FALSE
	EndGlobalSection
	GlobalSection(ExtensibilityGlobals) = postSolution
		SolutionGuid = {2B817072-8F24-46A3-BF56-5012A31A1E7D}
	EndGlobalSection
EndGlobal
